# THIS IS AN AUTOGENERATED FILE. DO NOT EDIT THIS FILE DIRECTLY.
# yarn lockfile v1
# bun ./bun.lockb --hash: 34E7395AECD20A52-2b023669a94696dd-6D68EECA3DFF7B5B-e84861704aa65039


"@discord-player/equalizer@^0.2.3":
  version "0.2.3"
  resolved "https://registry.npmjs.org/@discord-player/equalizer/-/equalizer-0.2.3.tgz"
  integrity sha512-71UAepYMbHTg2QQLXQAgyuXYHrgAYpJDxjg9dRWfTUNf+zfOAlyJEiRRk/WFhQyGu6m23iLR/H/JxgF4AW8Csg==

"@discord-player/extractor@^4.4.4", "@discord-player/extractor@^4.4.6":
  version "4.4.7"
  resolved "https://registry.npmjs.org/@discord-player/extractor/-/extractor-4.4.7.tgz"
  integrity sha512-XHG9Y45rQVWk3quf0IJqAj1ybTqiRgAy6vr5hnlaDZeaxXlsHRlDSzmSYl+teFVw2G9bjzR0jIvm8a4BW9hCBw==
  dependencies:
    file-type "^16.5.4"
    genius-lyrics "^4.4.6"
    isomorphic-unfetch "^4.0.2"
    node-html-parser "^6.1.4"
    reverbnation-scraper "^2.0.0"
    soundcloud.ts "^0.5.2"
    spotify-url-info "^3.2.6"
    youtube-sr "^4.3.9"

"@discord-player/ffmpeg@^0.1.0":
  version "0.1.0"
  resolved "https://registry.npmjs.org/@discord-player/ffmpeg/-/ffmpeg-0.1.0.tgz"
  integrity sha512-0kW6q4gMQN2B4Z4EzmUgXrKQSXXmyhjdZBBZ/6jSHZ9fh814oOu+JXP01VvtWHwTylI7qJHIctEWtSyjEubCJg==

"@discord-player/opus@^0.1.2":
  version "0.1.2"
  resolved "https://registry.npmjs.org/@discord-player/opus/-/opus-0.1.2.tgz"
  integrity sha512-yF0m+pW7H9RCbRcgk/i6vv47tlWxaCHjp6/F0W4GXZMGZ0pcvZaxk8ic7aFPc3+IoDvrAHvWNomLq+JeFzdncA==

"@discord-player/utils@^0.2.2":
  version "0.2.2"
  resolved "https://registry.npmjs.org/@discord-player/utils/-/utils-0.2.2.tgz"
  integrity sha512-UklWUT7BcZEkBgywM9Cmpo2nwj3SQ9Wmhu6ml1uy/YRQnY8IRdZEHD84T2kfjOg4LVZek0ej1VerIqq7a9PAHQ==
  dependencies:
    "@discordjs/collection" "^1.1.0"

"@discordjs/builders@^1.7.0":
  version "1.7.0"
  resolved "https://registry.npmjs.org/@discordjs/builders/-/builders-1.7.0.tgz"
  integrity sha512-GDtbKMkg433cOZur8Dv6c25EHxduNIBsxeHrsRoIM8+AwmEZ8r0tEpckx/sHwTLwQPOF3e2JWloZh9ofCaMfAw==
  dependencies:
    "@sapphire/shapeshift" "^3.9.3"
    discord-api-types "0.37.61"
    fast-deep-equal "^3.1.3"
    ts-mixer "^6.0.3"
    tslib "^2.6.2"
    "@discordjs/formatters" "^0.3.3"
    "@discordjs/util" "^1.0.2"

"@discordjs/collection@1.5.3", "@discordjs/collection@^1.1.0":
  version "1.5.3"
  resolved "https://registry.npmjs.org/@discordjs/collection/-/collection-1.5.3.tgz"
  integrity sha512-SVb428OMd3WO1paV3rm6tSjM4wC+Kecaa1EUGX7vc6/fddvw/6lg90z4QtCqm21zvVe92vMMDt9+DkIvjXImQQ==

"@discordjs/collection@^2.0.0":
  version "2.0.0"
  resolved "https://registry.npmjs.org/@discordjs/collection/-/collection-2.0.0.tgz"
  integrity sha512-YTWIXLrf5FsrLMycpMM9Q6vnZoR/lN2AWX23/Cuo8uOOtS8eHB2dyQaaGnaF8aZPYnttf2bkLMcXn/j6JUOi3w==

"@discordjs/formatters@^0.3.3":
  version "0.3.3"
  resolved "https://registry.npmjs.org/@discordjs/formatters/-/formatters-0.3.3.tgz"
  integrity sha512-wTcI1Q5cps1eSGhl6+6AzzZkBBlVrBdc9IUhJbijRgVjCNIIIZPgqnUj3ntFODsHrdbGU8BEG9XmDQmgEEYn3w==
  dependencies:
    discord-api-types "0.37.61"

"@discordjs/rest@^2.1.0":
  version "2.2.0"
  resolved "https://registry.npmjs.org/@discordjs/rest/-/rest-2.2.0.tgz"
  integrity sha512-nXm9wT8oqrYFRMEqTXQx9DUTeEtXUDMmnUKIhZn6O2EeDY9VCdwj23XCPq7fkqMPKdF7ldAfeVKyxxFdbZl59A==
  dependencies:
    "@sapphire/async-queue" "^1.5.0"
    "@sapphire/snowflake" "^3.5.1"
    "@vladfrangu/async_event_emitter" "^2.2.2"
    discord-api-types "0.37.61"
    magic-bytes.js "^1.5.0"
    tslib "^2.6.2"
    undici "5.27.2"
    "@discordjs/util" "^1.0.2"
    "@discordjs/collection" "^2.0.0"

"@discordjs/util@^1.0.2":
  version "1.0.2"
  resolved "https://registry.npmjs.org/@discordjs/util/-/util-1.0.2.tgz"
  integrity sha512-IRNbimrmfb75GMNEjyznqM1tkI7HrZOf14njX7tCAAUetyZM1Pr8hX/EK2lxBCOgWDRmigbp24fD1hdMfQK5lw==

"@discordjs/ws@^1.0.2":
  version "1.0.2"
  resolved "https://registry.npmjs.org/@discordjs/ws/-/ws-1.0.2.tgz"
  integrity sha512-+XI82Rm2hKnFwAySXEep4A7Kfoowt6weO6381jgW+wVdTpMS/56qCvoXyFRY0slcv7c/U8My2PwIB2/wEaAh7Q==
  dependencies:
    "@sapphire/async-queue" "^1.5.0"
    "@types/ws" "^8.5.9"
    "@vladfrangu/async_event_emitter" "^2.2.2"
    discord-api-types "0.37.61"
    tslib "^2.6.2"
    ws "^8.14.2"
    "@discordjs/collection" "^2.0.0"
    "@discordjs/rest" "^2.1.0"
    "@discordjs/util" "^1.0.2"

"@fastify/busboy@^2.0.0":
  version "2.1.1"
  resolved "https://registry.npmjs.org/@fastify/busboy/-/busboy-2.1.1.tgz"
  integrity sha512-vBZP4NlzfOlerQTnba4aqZoMhE/a9HY7HRqoOPaETQcSQuWEIyZMHGfVu6w9wGtGK5fED5qRs2DteVCjOH60sA==

"@sapphire/async-queue@^1.5.0":
  version "1.5.2"
  resolved "https://registry.npmjs.org/@sapphire/async-queue/-/async-queue-1.5.2.tgz"
  integrity sha512-7X7FFAA4DngXUl95+hYbUF19bp1LGiffjJtu7ygrZrbdCSsdDDBaSjB7Akw0ZbOu6k0xpXyljnJ6/RZUvLfRdg==

"@sapphire/shapeshift@^3.9.3":
  version "3.9.7"
  resolved "https://registry.npmjs.org/@sapphire/shapeshift/-/shapeshift-3.9.7.tgz"
  integrity sha512-4It2mxPSr4OGn4HSQWGmhFMsNFGfFVhWeRPCRwbH972Ek2pzfGRZtb0pJ4Ze6oIzcyh2jw7nUDa6qGlWofgd9g==
  dependencies:
    fast-deep-equal "^3.1.3"
    lodash "^4.17.21"

"@sapphire/snowflake@3.5.1", "@sapphire/snowflake@^3.5.1":
  version "3.5.1"
  resolved "https://registry.npmjs.org/@sapphire/snowflake/-/snowflake-3.5.1.tgz"
  integrity sha512-BxcYGzgEsdlG0dKAyOm0ehLGm2CafIrfQTZGWgkfKYbj+pNNsorZ7EotuZukc2MT70E0UbppVbtpBrqpzVzjNA==

"@tokenizer/token@^0.3.0":
  version "0.3.0"
  resolved "https://registry.npmjs.org/@tokenizer/token/-/token-0.3.0.tgz"
  integrity sha512-OvjF+z51L3ov0OyAU0duzsYuvO01PH7x4t6DJx+guahgTnBHkhJdG7soQeTSFLWN3efnHyibZ4Z8l2EuWwJN3A==

"@types/node@*":
  version "20.12.5"
  resolved "https://registry.npmjs.org/@types/node/-/node-20.12.5.tgz"
  integrity sha512-BD+BjQ9LS/D8ST9p5uqBxghlN+S42iuNxjsUGjeZobe/ciXzk2qb1B6IXc6AnRLS+yFJRpN2IPEHMzwspfDJNw==
  dependencies:
    undici-types "~5.26.4"

"@types/ws@8.5.9", "@types/ws@^8.5.5", "@types/ws@^8.5.9":
  version "8.5.9"
  resolved "https://registry.npmjs.org/@types/ws/-/ws-8.5.9.tgz"
  integrity sha512-jbdrY0a8lxfdTp/+r7Z4CkycbOFN8WX+IOchLJr3juT/xzbJ8URyTVSJ/hvNdadTgM1mnedb47n+Y31GsFnQlg==
  dependencies:
    "@types/node" "*"

"@vladfrangu/async_event_emitter@^2.2.2":
  version "2.2.4"
  resolved "https://registry.npmjs.org/@vladfrangu/async_event_emitter/-/async_event_emitter-2.2.4.tgz"
  integrity sha512-ButUPz9E9cXMLgvAW8aLAKKJJsPu1dY1/l/E8xzLFuysowXygs6GBcyunK9rnGC4zTsnIc2mQo71rGw9U+Ykug==

boolbase@^1.0.0:
  version "1.0.0"
  resolved "https://registry.npmjs.org/boolbase/-/boolbase-1.0.0.tgz"
  integrity sha512-JZOSA7Mo9sNGB8+UjSgzdLtokWAky1zbztM3WRLCbZ70/3cTANmQmOdR7y2g+J0e2WXywy1yS468tY+IruqEww==

css-select@^5.1.0:
  version "5.1.0"
  resolved "https://registry.npmjs.org/css-select/-/css-select-5.1.0.tgz"
  integrity sha512-nwoRF1rvRRnnCqqY7updORDsuqKzqYJ28+oSMaJMMgOauh3fvwHqMS7EZpIPqK8GL+g9mKxF1vP/ZjSeNjEVHg==
  dependencies:
    boolbase "^1.0.0"
    css-what "^6.1.0"
    domhandler "^5.0.2"
    domutils "^3.0.1"
    nth-check "^2.0.1"

css-what@^6.1.0:
  version "6.1.0"
  resolved "https://registry.npmjs.org/css-what/-/css-what-6.1.0.tgz"
  integrity sha512-HTUrgRJ7r4dsZKU6GjmpfRK1O76h97Z8MfS1G0FozR+oF2kG6Vfe8JE6zwrkbxigziPHinCJ+gCPjA9EaBDtRw==

data-uri-to-buffer@^4.0.0:
  version "4.0.1"
  resolved "https://registry.npmjs.org/data-uri-to-buffer/-/data-uri-to-buffer-4.0.1.tgz"
  integrity sha512-0R9ikRb668HB7QDxT1vkpuUBtqc53YyAwMwGeUFKRojY/NWKvdZ+9UYtRfGmhqNbRkTSVpMbmyhXipFFv2cb/A==

discord-api-types@0.37.61, discord-api-types@^0.37.50:
  version "0.37.61"
  resolved "https://registry.npmjs.org/discord-api-types/-/discord-api-types-0.37.61.tgz"
  integrity sha512-o/dXNFfhBpYHpQFdT6FWzeO7pKc838QeeZ9d91CfVAtpr5XLK4B/zYxQbYgPdoMiTDvJfzcsLW5naXgmHGDNXw==

discord-player@6.6.4:
  version "6.6.4"
  resolved "https://registry.npmjs.org/discord-player/-/discord-player-6.6.4.tgz"
  integrity sha512-dXOCqgFD6Yc+gi/FHJ4J+AGtiMQ8NNxXYPKrhOLt0dQWHVQxpk2MwzNcukNi3OBPZ0f/U030rOIzmtZSkST9mg==
  dependencies:
    "@discord-player/equalizer" "^0.2.3"
    "@discord-player/ffmpeg" "^0.1.0"
    "@discord-player/utils" "^0.2.2"
    discord-voip "^0.1.3"
    ip "^1.1.8"
    libsodium-wrappers "^0.7.10"

discord-voip@^0.1.3:
  version "0.1.3"
  resolved "https://registry.npmjs.org/discord-voip/-/discord-voip-0.1.3.tgz"
  integrity sha512-9DWY5/BLPXeldVwPr8/ggGjggTYOTw77aGQc3+4n5K54bRbbiJ9DUJc+mJzDiSLoHN3f286eRGACJYtrUu27xA==
  dependencies:
    "@discord-player/ffmpeg" "^0.1.0"
    "@discord-player/opus" "^0.1.2"
    "@types/ws" "^8.5.5"
    discord-api-types "^0.37.50"
    prism-media "^1.3.5"
    tslib "^2.6.1"
    ws "^8.13.0"

discord.js@14.x, discord.js@^14.14.1:
  version "14.14.1"
  resolved "https://registry.npmjs.org/discord.js/-/discord.js-14.14.1.tgz"
  integrity sha512-/hUVzkIerxKHyRKopJy5xejp4MYKDPTszAnpYxzVVv4qJYf+Tkt+jnT2N29PIPschicaEEpXwF2ARrTYHYwQ5w==
  dependencies:
    "@discordjs/collection" "1.5.3"
    "@sapphire/snowflake" "3.5.1"
    "@types/ws" "8.5.9"
    discord-api-types "0.37.61"
    fast-deep-equal "3.1.3"
    lodash.snakecase "4.1.1"
    tslib "2.6.2"
    undici "5.27.2"
    ws "8.14.2"
    "@discordjs/builders" "^1.7.0"
    "@discordjs/formatters" "^0.3.3"
    "@discordjs/util" "^1.0.2"
    "@discordjs/rest" "^2.1.0"
    "@discordjs/ws" "^1.0.2"

dom-serializer@^2.0.0:
  version "2.0.0"
  resolved "https://registry.npmjs.org/dom-serializer/-/dom-serializer-2.0.0.tgz"
  integrity sha512-wIkAryiqt/nV5EQKqQpo3SToSOV9J0DnbJqwK7Wv/Trc92zIAYZ4FlMu+JPFW1DfGFt81ZTCGgDEabffXeLyJg==
  dependencies:
    domelementtype "^2.3.0"
    domhandler "^5.0.2"
    entities "^4.2.0"

domelementtype@^2.3.0:
  version "2.3.0"
  resolved "https://registry.npmjs.org/domelementtype/-/domelementtype-2.3.0.tgz"
  integrity sha512-OLETBj6w0OsagBwdXnPdN0cnMfF9opN69co+7ZrbfPGrdpPVNBUj02spi6B1N7wChLQiPn4CSH/zJvXw56gmHw==

domhandler@^5.0.2, domhandler@^5.0.3:
  version "5.0.3"
  resolved "https://registry.npmjs.org/domhandler/-/domhandler-5.0.3.tgz"
  integrity sha512-cgwlv/1iFQiFnU96XXgROh8xTeetsnJiDsTc7TYCLFd9+/WNkIqPTxiM/8pSd8VIrhXGTf1Ny1q1hquVqDJB5w==
  dependencies:
    domelementtype "^2.3.0"

domutils@^3.0.1:
  version "3.1.0"
  resolved "https://registry.npmjs.org/domutils/-/domutils-3.1.0.tgz"
  integrity sha512-H78uMmQtI2AhgDJjWeQmHwJJ2bLPD3GMmO7Zja/ZZh84wkm+4ut+IUnUdRa8uCGX88DiVx1j6FRe1XfxEgjEZA==
  dependencies:
    dom-serializer "^2.0.0"
    domelementtype "^2.3.0"
    domhandler "^5.0.3"

dotenv@^16.4.5:
  version "16.4.5"
  resolved "https://registry.npmjs.org/dotenv/-/dotenv-16.4.5.tgz"
  integrity sha512-ZmdL2rui+eB2YwhsWzjInR8LldtZHGDoQ1ugH85ppHKwpUHL7j7rN0Ti9NCnGiQbhaZ11FpR+7ao1dNsmduNUg==

entities@^4.2.0:
  version "4.5.0"
  resolved "https://registry.npmjs.org/entities/-/entities-4.5.0.tgz"
  integrity sha512-V0hjH4dGPh9Ao5p0MoRY6BVqtwCjhz6vI5LT8AJ55H+4g9/4vbHx1I54fS0XuclLhDHArPQCiMjDxjaL8fPxhw==

fast-deep-equal@3.1.3, fast-deep-equal@^3.1.3:
  version "3.1.3"
  resolved "https://registry.npmjs.org/fast-deep-equal/-/fast-deep-equal-3.1.3.tgz"
  integrity sha512-f3qQ9oQy9j2AhBe/H9VC91wLmKBCCU/gDOnKNAYG5hswO7BLKj09Hc5HYNz9cGI++xlpDCIgDaitVs03ATR84Q==

fetch-blob@^3.1.2, fetch-blob@^3.1.4:
  version "3.2.0"
  resolved "https://registry.npmjs.org/fetch-blob/-/fetch-blob-3.2.0.tgz"
  integrity sha512-7yAQpD2UMJzLi1Dqv7qFYnPbaPx7ZfFK6PiIxQ4PfkGPyNyl2Ugx+a/umUonmKqjhM4DnfbMvdX6otXq83soQQ==
  dependencies:
    node-domexception "^1.0.0"
    web-streams-polyfill "^3.0.3"

file-type@^16.5.4:
  version "16.5.4"
  resolved "https://registry.npmjs.org/file-type/-/file-type-16.5.4.tgz"
  integrity sha512-/yFHK0aGjFEgDJjEKP0pWCplsPFPhwyfwevf/pVxiN0tmE4L9LmwWxWukdJSHdoCli4VgQLehjJtwQBnqmsKcw==
  dependencies:
    readable-web-to-node-stream "^3.0.0"
    strtok3 "^6.2.4"
    token-types "^4.1.1"

formdata-polyfill@^4.0.10:
  version "4.0.10"
  resolved "https://registry.npmjs.org/formdata-polyfill/-/formdata-polyfill-4.0.10.tgz"
  integrity sha512-buewHzMvYL29jdeQTVILecSaZKnt/RJWjoZCF5OW60Z67/GmSLBkOFM7qh1PI3zFNtJbaZL5eQu1vLfazOwj4g==
  dependencies:
    fetch-blob "^3.1.2"

genius-lyrics@^4.4.6:
  version "4.4.7"
  resolved "https://registry.npmjs.org/genius-lyrics/-/genius-lyrics-4.4.7.tgz"
  integrity sha512-cgO5nSeFqtLZAUyWB+8XWMRBIRzPUSUC42N3CoDGRgKX1anGAyDUhM6/RVIJXCNnQa6XHZHswKcKgHaRiyl+GQ==
  dependencies:
    node-html-parser "^6.1.13"
    undici "^6.11.1"

he@1.2.0:
  version "1.2.0"
  resolved "https://registry.npmjs.org/he/-/he-1.2.0.tgz"
  integrity sha512-F/1DnUGPopORZi0ni+CvrCgHQ5FyEAHRLSApuYWMmrbSwoN2Mn/7k+Gl38gJnR7yyDZk6WLXwiGod1JOWNDKGw==

himalaya@~1.1.0:
  version "1.1.0"
  resolved "https://registry.npmjs.org/himalaya/-/himalaya-1.1.0.tgz"
  integrity sha512-LLase1dHCRMel68/HZTFft0N0wti0epHr3nNY7ynpLbyZpmrKMQ8YIpiOV77TM97cNpC8Wb2n6f66IRggwdWPw==

ieee754@^1.2.1:
  version "1.2.1"
  resolved "https://registry.npmjs.org/ieee754/-/ieee754-1.2.1.tgz"
  integrity sha512-dcyqhDvX1C46lXZcVqCpK+FtMRQVdIMN6/Df5js2zouUsqG7I6sFxitIC+7KYK29KdXOLHdu9zL4sFnoVQnqaA==

inherits@^2.0.3:
  version "2.0.4"
  resolved "https://registry.npmjs.org/inherits/-/inherits-2.0.4.tgz"
  integrity sha512-k/vGaX4/Yla3WzyMCvTQOXYeIHvqOKtnqBduzTHpzpQZzAskKMhZ2K+EnBiSM9zGSoIFeMpXKxa4dYeZIQqewQ==

ip@^1.1.8:
  version "1.1.9"
  resolved "https://registry.npmjs.org/ip/-/ip-1.1.9.tgz"
  integrity sha512-cyRxvOEpNHNtchU3Ln9KC/auJgup87llfQpQ+t5ghoC/UhL16SWzbueiCsdTnWmqAWl7LadfuwhlqmtOaqMHdQ==

isomorphic-unfetch@^4.0.2:
  version "4.0.2"
  resolved "https://registry.npmjs.org/isomorphic-unfetch/-/isomorphic-unfetch-4.0.2.tgz"
  integrity sha512-1Yd+CF/7al18/N2BDbsLBcp6RO3tucSW+jcLq24dqdX5MNbCNTw1z4BsGsp4zNmjr/Izm2cs/cEqZPp4kvWSCA==
  dependencies:
    node-fetch "^3.2.0"
    unfetch "^5.0.0"

libsodium@^0.7.13:
  version "0.7.13"
  resolved "https://registry.npmjs.org/libsodium/-/libsodium-0.7.13.tgz"
  integrity sha512-mK8ju0fnrKXXfleL53vtp9xiPq5hKM0zbDQtcxQIsSmxNgSxqCj6R7Hl9PkrNe2j29T4yoDaF7DJLK9/i5iWUw==

libsodium-wrappers@^0.7.10:
  version "0.7.13"
  resolved "https://registry.npmjs.org/libsodium-wrappers/-/libsodium-wrappers-0.7.13.tgz"
  integrity sha512-kasvDsEi/r1fMzKouIDv7B8I6vNmknXwGiYodErGuESoFTohGSKZplFtVxZqHaoQ217AynyIFgnOVRitpHs0Qw==
  dependencies:
    libsodium "^0.7.13"

lodash@^4.17.21:
  version "4.17.21"
  resolved "https://registry.npmjs.org/lodash/-/lodash-4.17.21.tgz"
  integrity sha512-v2kDEe57lecTulaDIuNTPy3Ry4gLGJ6Z1O3vE1krgXZNrsQ+LFTGHVxVjcXPs17LhbZVGedAJv8XZ1tvj5FvSg==

lodash.snakecase@4.1.1:
  version "4.1.1"
  resolved "https://registry.npmjs.org/lodash.snakecase/-/lodash.snakecase-4.1.1.tgz"
  integrity sha512-QZ1d4xoBHYUeuouhEq3lk3Uq7ldgyFXGBhg04+oRLnIz8o9T65Eh+8YdroUwn846zchkA9yDsDl5CVVaV2nqYw==

magic-bytes.js@^1.5.0:
  version "1.10.0"
  resolved "https://registry.npmjs.org/magic-bytes.js/-/magic-bytes.js-1.10.0.tgz"
  integrity sha512-/k20Lg2q8LE5xiaaSkMXk4sfvI+9EGEykFS4b0CHHGWqDYU0bGUFSwchNOMA56D7TCs9GwVTkqe9als1/ns8UQ==

mediaplex@^0.0.8:
  version "0.0.8"
  resolved "https://registry.npmjs.org/mediaplex/-/mediaplex-0.0.8.tgz"
  integrity sha512-d/V0HdrJWdtCr2btsh+yzDn+YJ5pioyfM9UKyLLwPVCnPb7/6rrihXWB/iiM+viOuwwh9nhK3fAydRxSoYgJxw==
  optionalDependencies:
    mediaplex-win32-x64-msvc "0.0.8"
    mediaplex-darwin-x64 "0.0.8"
    mediaplex-linux-x64-gnu "0.0.8"
    mediaplex-darwin-arm64 "0.0.8"
    mediaplex-android-arm64 "0.0.8"
    mediaplex-win32-arm64-msvc "0.0.8"
    mediaplex-linux-arm-gnueabihf "0.0.8"
    mediaplex-freebsd-x64 "0.0.8"
    mediaplex-win32-ia32-msvc "0.0.8"
    mediaplex-darwin-universal "0.0.8"

mediaplex-android-arm64@0.0.8:
  version "0.0.8"
  resolved "https://registry.npmjs.org/mediaplex-android-arm64/-/mediaplex-android-arm64-0.0.8.tgz"
  integrity sha512-67azKxuexHj7dSWqqAHwzZFk1FHwPWzslLgvCfCER+0szPbZ0Nme6k3jgEC6rIjoZyhP8aNmpWBKj8M2KG0kBA==

mediaplex-darwin-arm64@0.0.8:
  version "0.0.8"
  resolved "https://registry.npmjs.org/mediaplex-darwin-arm64/-/mediaplex-darwin-arm64-0.0.8.tgz"
  integrity sha512-FhajN2Sb93BtPzghGtrglIme7yHIif8Exen/TvpRAqc8ps770oOu0Bo7Hcm/sRgZh3HSUZg2KbPhQlrhposq2Q==

mediaplex-darwin-universal@0.0.8:
  version "0.0.8"
  resolved "https://registry.npmjs.org/mediaplex-darwin-universal/-/mediaplex-darwin-universal-0.0.8.tgz"
  integrity sha512-Q3OOYXM0FrwfiRXouI+kcn+TySYayMQabGSSe5Nz4cqYTlnJ1erarPSq6P+1fKjxZLaYkacgnILcZSKzAn1kAg==

mediaplex-darwin-x64@0.0.8:
  version "0.0.8"
  resolved "https://registry.npmjs.org/mediaplex-darwin-x64/-/mediaplex-darwin-x64-0.0.8.tgz"
  integrity sha512-Xj7x7z2widAchu2c1TMH/SF6PtX1zG3yKdQebZg5aOuacbIJUlRgLCBYn6tc66TyPJp88hMWbLEl5992VU1RKQ==

mediaplex-freebsd-x64@0.0.8:
  version "0.0.8"
  resolved "https://registry.npmjs.org/mediaplex-freebsd-x64/-/mediaplex-freebsd-x64-0.0.8.tgz"
  integrity sha512-HwwcA1D2GHYKpGKZdrWCH/rsTqqfwT0EmBy6qZF2EG5tY1ncxU4qFlgBgpHLPJt/XopKWa1fpGnaO2zSdN5aHQ==

mediaplex-linux-arm-gnueabihf@0.0.8:
  version "0.0.8"
  resolved "https://registry.npmjs.org/mediaplex-linux-arm-gnueabihf/-/mediaplex-linux-arm-gnueabihf-0.0.8.tgz"
  integrity sha512-HfSzKrx6ZEDnSk42+ypZ6Bp/8OYSp6av6xenh5hyBhSu/2Czy8yZQDwGe2zSxibK44QXtpJKlrZB8HszFv2OPg==

mediaplex-linux-x64-gnu@0.0.8:
  version "0.0.8"
  resolved "https://registry.npmjs.org/mediaplex-linux-x64-gnu/-/mediaplex-linux-x64-gnu-0.0.8.tgz"
  integrity sha512-5Myyy9zlQLPl1daWXKn7zLP2iMDqBqHPOtezhmt/4C/hKvsPkll4YxrpDE3Dn5gGBAA7WYfB03ALgdltt7JVKQ==

mediaplex-win32-arm64-msvc@0.0.8:
  version "0.0.8"
  resolved "https://registry.npmjs.org/mediaplex-win32-arm64-msvc/-/mediaplex-win32-arm64-msvc-0.0.8.tgz"
  integrity sha512-eHgIdDMDX2BZMY0vfwqXf2+C5v80jKoKMthzQqQIVgob27/jJUN4K9X/kMDWJ38dUEIlLMK9k83OzKtyRyshjA==

mediaplex-win32-ia32-msvc@0.0.8:
  version "0.0.8"
  resolved "https://registry.npmjs.org/mediaplex-win32-ia32-msvc/-/mediaplex-win32-ia32-msvc-0.0.8.tgz"
  integrity sha512-DWNWOJ1fQib5UpE6Yj2Otg9kAR0W7xLnHN/937uHQMNciu3SEQO5GD9Dknp6iH/v4EEMOlVU6JNiihby45IODg==

mediaplex-win32-x64-msvc@0.0.8:
  version "0.0.8"
  resolved "https://registry.npmjs.org/mediaplex-win32-x64-msvc/-/mediaplex-win32-x64-msvc-0.0.8.tgz"
  integrity sha512-3Tn3fx8/rAlP8ml1VcMs7oC9chYDtnG1o8bBQD1hipirjsNcCY5qQwCs989XrNirtlgiKg82CiA3OUakrtDuMw==

node-domexception@^1.0.0:
  version "1.0.0"
  resolved "https://registry.npmjs.org/node-domexception/-/node-domexception-1.0.0.tgz"
  integrity sha512-/jKZoMpw0F8GRwl4/eLROPA3cfcXtLApP0QzLmUT/HuPCZWyB7IY9ZrMeKw2O/nFIqPQB3PVM9aYm0F312AXDQ==

node-fetch@^2.6.0:
  version "2.7.0"
  resolved "https://registry.npmjs.org/node-fetch/-/node-fetch-2.7.0.tgz"
  integrity sha512-c4FRfUm/dbcWZ7U+1Wq0AwCyFL+3nt2bEw05wfxSz+DWpWsitgmSgYmy2dQdWyKC1694ELPqMs/YzUSNozLt8A==
  dependencies:
    whatwg-url "^5.0.0"

node-fetch@^3.2.0:
  version "3.3.2"
  resolved "https://registry.npmjs.org/node-fetch/-/node-fetch-3.3.2.tgz"
  integrity sha512-dRB78srN/l6gqWulah9SrxeYnxeddIG30+GOqK/9OlLVyLg3HPnr6SqOWTWOXKRwC2eGYCkZ59NNuSgvSrpgOA==
  dependencies:
    data-uri-to-buffer "^4.0.0"
    fetch-blob "^3.1.4"
    formdata-polyfill "^4.0.10"

node-html-parser@^6.1.13, node-html-parser@^6.1.4:
  version "6.1.13"
  resolved "https://registry.npmjs.org/node-html-parser/-/node-html-parser-6.1.13.tgz"
  integrity sha512-qIsTMOY4C/dAa5Q5vsobRpOOvPfC4pB61UVW2uSwZNUp0QU/jCekTal1vMmbO0DgdHeLUJpv/ARmDqErVxA3Sg==
  dependencies:
    css-select "^5.1.0"
    he "1.2.0"

nth-check@^2.0.1:
  version "2.1.1"
  resolved "https://registry.npmjs.org/nth-check/-/nth-check-2.1.1.tgz"
  integrity sha512-lqjrjmaOoAnWfMmBPL+XNnynZh2+swxiX3WUE0s4yEHI6m+AwrK2UZOimIRl3X/4QctVqS8AiZjFqyOGrMXb/w==
  dependencies:
    boolbase "^1.0.0"

peek-readable@^4.1.0:
  version "4.1.0"
  resolved "https://registry.npmjs.org/peek-readable/-/peek-readable-4.1.0.tgz"
  integrity sha512-ZI3LnwUv5nOGbQzD9c2iDG6toheuXSZP5esSHBjopsXH4dg19soufvpUGA3uohi5anFtGb2lhAVdHzH6R/Evvg==

ping@^0.4.4:
  version "0.4.4"
  resolved "https://registry.npmjs.org/ping/-/ping-0.4.4.tgz"
  integrity sha512-56ZMC0j7SCsMMLdOoUg12VZCfj/+ZO+yfOSjaNCRrmZZr6GLbN2X/Ui56T15dI8NhiHckaw5X2pvyfAomanwqQ==

prism-media@^1.3.5:
  version "1.3.5"
  resolved "https://registry.npmjs.org/prism-media/-/prism-media-1.3.5.tgz"
  integrity sha512-IQdl0Q01m4LrkN1EGIE9lphov5Hy7WWlH6ulf5QdGePLlPas9p2mhgddTEHrlaXYjjFToM1/rWuwF37VF4taaA==

readable-stream@^3.6.0:
  version "3.6.2"
  resolved "https://registry.npmjs.org/readable-stream/-/readable-stream-3.6.2.tgz"
  integrity sha512-9u/sniCrY3D5WdsERHzHE4G2YCXqoG5FTHUiCC4SIbr6XcLZBY05ya9EKjYek9O5xOAwjGq+1JdGBAS7Q9ScoA==
  dependencies:
    inherits "^2.0.3"
    string_decoder "^1.1.1"
    util-deprecate "^1.0.1"

readable-web-to-node-stream@^3.0.0:
  version "3.0.2"
  resolved "https://registry.npmjs.org/readable-web-to-node-stream/-/readable-web-to-node-stream-3.0.2.tgz"
  integrity sha512-ePeK6cc1EcKLEhJFt/AebMCLL+GgSKhuygrZ/GLaKZYEecIgIECf4UaUuaByiGtzckwR4ain9VzUh95T1exYGw==
  dependencies:
    readable-stream "^3.6.0"

reverbnation-scraper@^2.0.0:
  version "2.0.0"
  resolved "https://registry.npmjs.org/reverbnation-scraper/-/reverbnation-scraper-2.0.0.tgz"
  integrity sha512-t1Mew5QC9QEVEry5DXyagvci2O+TgXTGoMHbNoW5NRz6LTOzK/DLHUpnrQwloX8CVX5z1a802vwHM3YgUVOvKg==
  dependencies:
    node-fetch "^2.6.0"

safe-buffer@~5.2.0:
  version "5.2.1"
  resolved "https://registry.npmjs.org/safe-buffer/-/safe-buffer-5.2.1.tgz"
  integrity sha512-rp3So07KcdmmKbGvgaNxQSJr7bGVSVk5S9Eq1F+ppbRo70+YeaDxkw5Dd8NPN+GD6bjnYm2VuPuCXmpuYvmCXQ==

soundcloud.ts@^0.5.2:
  version "0.5.2"
  resolved "https://registry.npmjs.org/soundcloud.ts/-/soundcloud.ts-0.5.2.tgz"
  integrity sha512-/pc72HWYJpSpup+mJBE9pT31JsrMcxJGBlip3Vem+0Fsscg98xh1/7I2nCpAKuMAeV6MVyrisI8TfjO6T7qKJg==
  dependencies:
    undici "^5.22.1"

spotify-uri@~4.0.0:
  version "4.0.1"
  resolved "https://registry.npmjs.org/spotify-uri/-/spotify-uri-4.0.1.tgz"
  integrity sha512-dEt8UN5fSsZpcPk8HOEHkv29U71kefKjcYt2dopsShrkIZhXtDXe9Xse4xq0GW6831LnEZFry5mpzm1HV/TNLw==

spotify-url-info@^3.2.6:
  version "3.2.13"
  resolved "https://registry.npmjs.org/spotify-url-info/-/spotify-url-info-3.2.13.tgz"
  integrity sha512-b1D4n4vnSHf8/HkLT7SIwBsj21t5AV8uhWvzU6c1v8JHS34Ocdb1SsPlannRChCuRAWMKbOEntSn/sP3RhsDfQ==
  dependencies:
    himalaya "~1.1.0"
    spotify-uri "~4.0.0"

string_decoder@^1.1.1:
  version "1.3.0"
  resolved "https://registry.npmjs.org/string_decoder/-/string_decoder-1.3.0.tgz"
  integrity sha512-hkRX8U1WjJFd8LsDJ2yQ/wWWxaopEsABU1XfkM8A+j0+85JAGppt16cr1Whg6KIbb4okU6Mql6BOj+uup/wKeA==
  dependencies:
    safe-buffer "~5.2.0"

strtok3@^6.2.4:
  version "6.3.0"
  resolved "https://registry.npmjs.org/strtok3/-/strtok3-6.3.0.tgz"
  integrity sha512-fZtbhtvI9I48xDSywd/somNqgUHl2L2cstmXCCif0itOf96jeW18MBSyrLuNicYQVkvpOxkZtkzujiTJ9LW5Jw==
  dependencies:
    "@tokenizer/token" "^0.3.0"
    peek-readable "^4.1.0"

token-types@^4.1.1:
  version "4.2.1"
  resolved "https://registry.npmjs.org/token-types/-/token-types-4.2.1.tgz"
  integrity sha512-6udB24Q737UD/SDsKAHI9FCRP7Bqc9D/MQUV02ORQg5iskjtLJlZJNdN4kKtcdtwCeWIwIHDGaUsTsCCAa8sFQ==
  dependencies:
    "@tokenizer/token" "^0.3.0"
    ieee754 "^1.2.1"

tr46@~0.0.3:
  version "0.0.3"
  resolved "https://registry.npmjs.org/tr46/-/tr46-0.0.3.tgz"
  integrity sha512-N3WMsuqV66lT30CrXNbEjx4GEwlow3v6rr4mCcv6prnfwhS01rkgyFdjPNBYd9br7LpXV1+Emh01fHnq2Gdgrw==

ts-mixer@^6.0.3:
  version "6.0.4"
  resolved "https://registry.npmjs.org/ts-mixer/-/ts-mixer-6.0.4.tgz"
  integrity sha512-ufKpbmrugz5Aou4wcr5Wc1UUFWOLhq+Fm6qa6P0w0K5Qw2yhaUoiWszhCVuNQyNwrlGiscHOmqYoAox1PtvgjA==

tslib@2.6.2, tslib@^2.6.1, tslib@^2.6.2:
  version "2.6.2"
  resolved "https://registry.npmjs.org/tslib/-/tslib-2.6.2.tgz"
  integrity sha512-AEYxH93jGFPn/a2iVAwW87VuUIkR1FVUKB77NwMF7nBTDkDrrT/Hpt/IrCJ0QXhW27jTBDcf5ZY7w6RiqTMw2Q==

tslog@^4.9.2:
  version "4.9.2"
  resolved "https://registry.npmjs.org/tslog/-/tslog-4.9.2.tgz"
  integrity sha512-wBM+LRJoNl34Bdu8mYEFxpvmOUedpNUwMNQB/NcuPIZKwdDde6xLHUev3bBjXQU7gdurX++X/YE7gLH8eXYsiQ==

undici@5.27.2, undici@^5.22.1:
  version "5.27.2"
  resolved "https://registry.npmjs.org/undici/-/undici-5.27.2.tgz"
  integrity sha512-iS857PdOEy/y3wlM3yRp+6SNQQ6xU0mmZcwRSriqk+et/cwWAtwmIGf6WkoDN2EK/AMdCO/dfXzIwi+rFMrjjQ==
  dependencies:
    "@fastify/busboy" "^2.0.0"

undici@^6.11.1:
  version "6.11.1"
  resolved "https://registry.npmjs.org/undici/-/undici-6.11.1.tgz"
  integrity sha512-KyhzaLJnV1qa3BSHdj4AZ2ndqI0QWPxYzaIOio0WzcEJB9gvuysprJSLtpvc2D9mhR9jPDUk7xlJlZbH2KR5iw==

undici-types@~5.26.4:
  version "5.26.5"
  resolved "https://registry.npmjs.org/undici-types/-/undici-types-5.26.5.tgz"
  integrity sha512-JlCMO+ehdEIKqlFxk6IfVoAUVmgz7cU7zD/h9XZ0qzeosSHmUJVOzSQvvYSYWXkFXC+IfLKSIffhv0sVZup6pA==

unfetch@^5.0.0:
  version "5.0.0"
  resolved "https://registry.npmjs.org/unfetch/-/unfetch-5.0.0.tgz"
  integrity sha512-3xM2c89siXg0nHvlmYsQ2zkLASvVMBisZm5lF3gFDqfF2xonNStDJyMpvaOBe0a1Edxmqrf2E0HBdmy9QyZaeg==

util-deprecate@^1.0.1:
  version "1.0.2"
  resolved "https://registry.npmjs.org/util-deprecate/-/util-deprecate-1.0.2.tgz"
  integrity sha512-EPD5q1uXyFxJpCrLnCc1nHnq3gOa6DZBocAIiI2TaSCA7VCJ1UJDMagCzIkXNsUYfD1daK//LTEQ8xiIbrHtcw==

web-streams-polyfill@^3.0.3:
  version "3.3.3"
  resolved "https://registry.npmjs.org/web-streams-polyfill/-/web-streams-polyfill-3.3.3.tgz"
  integrity sha512-d2JWLCivmZYTSIoge9MsgFCZrt571BikcWGYkjC1khllbTeDlGqZ2D8vD8E/lJa8WGWbb7Plm8/XJYV7IJHZZw==

webidl-conversions@^3.0.0:
  version "3.0.1"
  resolved "https://registry.npmjs.org/webidl-conversions/-/webidl-conversions-3.0.1.tgz"
  integrity sha512-2JAn3z8AR6rjK8Sm8orRC0h/bcl/DqL7tRPdGZ4I1CjdF+EaMLmYxBHyXuKL849eucPFhvBoxMsflfOb8kxaeQ==

whatwg-url@^5.0.0:
  version "5.0.0"
  resolved "https://registry.npmjs.org/whatwg-url/-/whatwg-url-5.0.0.tgz"
  integrity sha512-saE57nupxk6v3HY35+jzBwYa0rKSy0XR8JSxZPwgLr7ys0IBzhGviA1/TUGJLmSVqs8pb9AnvICXEuOHLprYTw==
  dependencies:
    tr46 "~0.0.3"
    webidl-conversions "^3.0.0"

ws@8.14.2, ws@^8.13.0, ws@^8.14.2:
  version "8.14.2"
  resolved "https://registry.npmjs.org/ws/-/ws-8.14.2.tgz"
  integrity sha512-wEBG1ftX4jcglPxgFCMJmZ2PLtSbJ2Peg6TmpJFTbe9GZYOQCDPdMYu/Tm0/bGZkw8paZnJY45J4K2PZrLYq8g==

youtube-ext@^1.1.16:
  version "1.1.17"
  resolved "https://registry.npmjs.org/youtube-ext/-/youtube-ext-1.1.17.tgz"
  integrity sha512-0L3EVQuNcAifJUDQMcrPvMSuv6+zCPkBUZfsMTur3wVmTzY45WOoCz/HLxTf4lvB1fzlijiF5PWrEtvqy+9r8Q==
  dependencies:
    undici "^6.11.1"

youtube-sr@4.x, youtube-sr@^4.3.9:
  version "4.3.10"
  resolved "https://registry.npmjs.org/youtube-sr/-/youtube-sr-4.3.10.tgz"
  integrity sha512-YTpIWy2c1XLN4VpsUuZTDNXpJ2sLZQyG0kX1vq3nymHhDKro2SoeODey3pZazW+6AjfmNxoSnI8pCSzPrEa3jw==
